{
  "name": "hyprstream-docs-publish",
  "version": "0.1.0",
  "lockfileVersion": 3,
  "requires": true,
  "packages": {
    "": {
      "name": "hyprstream-docs-publish",
      "version": "0.1.0",
      "devDependencies": {
        "ipfs-car": "3.1.0"
      }
    },
    "node_modules/@ipld/car": {
      "version": "5.4.7",
      "resolved": "https://registry.npmjs.org/@ipld/car/-/car-5.4.7.tgz",
      "integrity": "sha512-fohzeOYlm0vM1kGn48zcyDunamXSJaeM5xt0Fmkp5YJkZzgZyjLbb0DcDK6TDgZWo54btkXNACaXUw2H86Elag==",
      "dev": true,
      "license": "Apache-2.0 OR MIT",
      "dependencies": {
        "@ipld/dag-cbor": "^10.0.1",
        "cborg": "^6.1.1",
        "multiformats": "^14.0.0",
        "varint": "^6.0.0"
      },
      "engines": {
        "node": ">=16.0.0",
        "npm": ">=7.0.0"
      }
    },
    "node_modules/@ipld/car/node_modules/@ipld/dag-cbor": {
      "version": "10.0.2",
      "resolved": "https://registry.npmjs.org/@ipld/dag-cbor/-/dag-cbor-10.0.2.tgz",
      "integrity": "sha512-1eCD4YMTlkx5i36oQUmeAojLS/wu+XCd1Gs31BA0afk0TaVkhnyMofIAT/pi0wV3HS3/G7QSN/1NibhiksMyZQ==",
      "dev": true,
      "license": "Apache-2.0 OR MIT",
      "dependencies": {
        "cborg": "^6.1.1",
        "multiformats": "^14.0.0"
      }
    },
    "node_modules/@ipld/car/node_modules/multiformats": {
      "version": "14.0.5",
      "resolved": "https://registry.npmjs.org/multiformats/-/multiformats-14.0.5.tgz",
      "integrity": "sha512-vbIm83F2yZ1pWJGS0yl0ysracIvv56LtbrIyiIQHoLdYDJOMoLfVFsXhh9DUH4SFdkdkFhucyWniihsNzVEjkQ==",
      "dev": true,
      "license": "Apache-2.0 OR MIT"
    },
    "node_modules/@ipld/dag-cbor": {
      "version": "9.2.7",
      "resolved": "https://registry.npmjs.org/@ipld/dag-cbor/-/dag-cbor-9.2.7.tgz",
      "integrity": "sha512-ZmfXmElRWATr+hoUTSAOr6HUcjVhOcNHDqgczc76qte2DHHFEK0ZhNzUcdTDQhF/VSIvf2ioaRTRLWwLc83sNw==",
      "dev": true,
      "license": "Apache-2.0 OR MIT",
      "dependencies": {
        "cborg": "^5.0.1",
        "multiformats": "^13.1.0"
      }
    },
    "node_modules/@ipld/dag-cbor/node_modules/cborg": {
      "version": "5.1.11",
      "resolved": "https://registry.npmjs.org/cborg/-/cborg-5.1.11.tgz",
      "integrity": "sha512-oc6Pzg/gkTobxHZNgMmny+G99dOeBMbAmnGHcZWMKtolxZBIVwfi0Pj0khxEtNU8HMFdbT5sK0HmtgecDUPP0A==",
      "dev": true,
      "license": "Apache-2.0",
      "bin": {
        "cborg": "lib/bin.js"
      }
    },
    "node_modules/@ipld/dag-json": {
      "version": "10.2.9",
      "resolved": "https://registry.npmjs.org/@ipld/dag-json/-/dag-json-10.2.9.tgz",
      "integrity": "sha512-opNPQQsTuCFZkaJCAqXrB/n9OqUD6W2Boz/Au5HjhLQyczmT8lxoOZObqQ5S5hhnV8p6sgKAimNhUB2W6y0Mzg==",
      "dev": true,
      "license": "Apache-2.0 OR MIT",
      "dependencies": {
        "cborg": "^5.0.0",
        "multiformats": "^13.1.0"
      }
    },
    "node_modules/@ipld/dag-json/node_modules/cborg": {
      "version": "5.1.11",
      "resolved": "https://registry.npmjs.org/cborg/-/cborg-5.1.11.tgz",
      "integrity": "sha512-oc6Pzg/gkTobxHZNgMmny+G99dOeBMbAmnGHcZWMKtolxZBIVwfi0Pj0khxEtNU8HMFdbT5sK0HmtgecDUPP0A==",
      "dev": true,
      "license": "Apache-2.0",
      "bin": {
        "cborg": "lib/bin.js"
      }
    },
    "node_modules/@ipld/dag-pb": {
      "version": "4.2.0",
      "resolved": "https://registry.npmjs.org/@ipld/dag-pb/-/dag-pb-4.2.0.tgz",
      "integrity": "sha512-T2hsy18NNAUkIiQgvtrhKJXIkTjKcGHPJzp6mYp/tx4x0X9wedUTrCNADEP4hAS7Vy4/bJtc37eX4GSDFiKLhw==",
      "dev": true,
      "license": "Apache-2.0 OR MIT",
      "dependencies": {
        "multiformats": "^14.0.0"
      },
      "engines": {
        "node": ">=16.0.0",
        "npm": ">=7.0.0"
      }
    },
    "node_modules/@ipld/dag-pb/node_modules/multiformats": {
      "version": "14.0.5",
      "resolved": "https://registry.npmjs.org/multiformats/-/multiformats-14.0.5.tgz",
      "integrity": "sha512-vbIm83F2yZ1pWJGS0yl0ysracIvv56LtbrIyiIQHoLdYDJOMoLfVFsXhh9DUH4SFdkdkFhucyWniihsNzVEjkQ==",
      "dev": true,
      "license": "Apache-2.0 OR MIT"
    },
    "node_modules/@ipld/unixfs": {
      "version": "3.0.0",
      "resolved": "https://registry.npmjs.org/@ipld/unixfs/-/unixfs-3.0.0.tgz",
      "integrity": "sha512-Tj3/BPOlnemcZQ2ETIZAO8hqAs9KNzWyX5J9+JCL9jDwvYwjxeYjqJ3v+9DusNvTBmJhZnGVP6ijUHrsuOLp+g==",
      "dev": true,
      "license": "Apache-2.0 OR MIT",
      "dependencies": {
        "@ipld/dag-pb": "^4.0.0",
        "@multiformats/murmur3": "^2.1.3",
        "@perma/map": "^1.0.2",
        "actor": "^2.3.1",
        "multiformats": "^13.0.1",
        "protobufjs": "^7.1.2",
        "rabin-rs": "^2.1.0"
      }
    },
    "node_modules/@multiformats/blake2": {
      "version": "2.0.3",
      "resolved": "https://registry.npmjs.org/@multiformats/blake2/-/blake2-2.0.3.tgz",
      "integrity": "sha512-G9+QjSDG6mIreKJA4DAr+8zavr+mWbh47K57Yh2ayo/1e2nLM5NDV6Q0HjzkB7hrstENtr/yGjF5hLu6JM06qw==",
      "dev": true,
      "license": "Apache-2.0 OR MIT",
      "dependencies": {
        "blakejs": "^1.2.1",
        "multiformats": "^14.0.3"
      }
    },
    "node_modules/@multiformats/blake2/node_modules/multiformats": {
      "version": "14.0.5",
      "resolved": "https://registry.npmjs.org/multiformats/-/multiformats-14.0.5.tgz",
      "integrity": "sha512-vbIm83F2yZ1pWJGS0yl0ysracIvv56LtbrIyiIQHoLdYDJOMoLfVFsXhh9DUH4SFdkdkFhucyWniihsNzVEjkQ==",
      "dev": true,
      "license": "Apache-2.0 OR MIT"
    },
    "node_modules/@multiformats/murmur3": {
      "version": "2.2.8",
      "resolved": "https://registry.npmjs.org/@multiformats/murmur3/-/murmur3-2.2.8.tgz",
      "integrity": "sha512-CrsYnnoWbTYPkLl9D6zKaFPlRbnOekofvi93/1IrXc5eaT5QChRscEFV93kVqHwL2phi8u1hj9UnaeFOq2PYMQ==",
      "dev": true,
      "license": "Apache-2.0 OR MIT",
      "dependencies": {
        "multiformats": "^14.0.0"
      }
    },
    "node_modules/@multiformats/murmur3/node_modules/multiformats": {
      "version": "14.0.5",
      "resolved": "https://registry.npmjs.org/multiformats/-/multiformats-14.0.5.tgz",
      "integrity": "sha512-vbIm83F2yZ1pWJGS0yl0ysracIvv56LtbrIyiIQHoLdYDJOMoLfVFsXhh9DUH4SFdkdkFhucyWniihsNzVEjkQ==",
      "dev": true,
      "license": "Apache-2.0 OR MIT"
    },
    "node_modules/@multiformats/sha3": {
      "version": "3.0.3",
      "resolved": "https://registry.npmjs.org/@multiformats/sha3/-/sha3-3.0.3.tgz",
      "integrity": "sha512-FugQMj5ts/aUFx2cWuE9Y3O/YN/puVJWaRoFQSSKTc5jm89o0UUowvwxLkkURx9MQiR5GJsoG9d6ZITWi8FiBA==",
      "dev": true,
      "license": "Apache-2.0 OR MIT",
      "dependencies": {
        "js-sha3": "^0.9.1",
        "multiformats": "^13.0.0"
      }
    },
    "node_modules/@perma/map": {
      "version": "1.0.3",
      "resolved": "https://registry.npmjs.org/@perma/map/-/map-1.0.3.tgz",
      "integrity": "sha512-Bf5njk0fnJGTFE2ETntq0N1oJ6YdCPIpTDn3R3KYZJQdeYSOCNL7mBrFlGnbqav8YQhJA/p81pvHINX9vAtHkQ==",
      "dev": true,
      "license": "(Apache-2.0 AND MIT)",
      "dependencies": {
        "@multiformats/murmur3": "^2.1.0",
        "murmurhash3js-revisited": "^3.0.0"
      }
    },
    "node_modules/@protobufjs/aspromise": {
      "version": "1.1.2",
      "resolved": "https://registry.npmjs.org/@protobufjs/aspromise/-/aspromise-1.1.2.tgz",
      "integrity": "sha512-j+gKExEuLmKwvz3OgROXtrJ2UG2x8Ch2YZUxahh+s1F2HZ+wAceUNLkvy6zKCPVRkU++ZWQrdxsUeQXmcg4uoQ==",
      "dev": true,
      "license": "BSD-3-Clause"
    },
    "node_modules/@protobufjs/base64": {
      "version": "1.1.2",
      "resolved": "https://registry.npmjs.org/@protobufjs/base64/-/base64-1.1.2.tgz",
      "integrity": "sha512-AZkcAA5vnN/v4PDqKyMR5lx7hZttPDgClv83E//FMNhR2TMcLUhfRUBHCmSl0oi9zMgDDqRUJkSxO3wm85+XLg==",
      "dev": true,
      "license": "BSD-3-Clause"
    },
    "node_modules/@protobufjs/codegen": {
      "version": "2.0.5",
      "resolved": "https://registry.npmjs.org/@protobufjs/codegen/-/codegen-2.0.5.tgz",
      "integrity": "sha512-zgXFLzW3Ap33e6d0Wlj4MGIm6Ce8O89n/apUaGNB/jx+hw+ruWEp7EwGUshdLKVRCxZW12fp9r40E1mQrf/34g==",
      "dev": true,
      "license": "BSD-3-Clause"
    },
    "node_modules/@protobufjs/eventemitter": {
      "version": "1.1.1",
      "resolved": "https://registry.npmjs.org/@protobufjs/eventemitter/-/eventemitter-1.1.1.tgz",
      "integrity": "sha512-vW1GmwMZNnL+gMRaovlh9yZX74kc+TTU3FObkkurpMaRtBfLP3ldjS9KQWlwZgraRE0+dheEEoAxdzcJQ8eXZg==",
      "dev": true,
      "license": "BSD-3-Clause"
    },
    "node_modules/@protobufjs/fetch": {
      "version": "1.1.1",
      "resolved": "https://registry.npmjs.org/@protobufjs/fetch/-/fetch-1.1.1.tgz",
      "integrity": "sha512-GpptLrs57adMSuHi3VNj0mAF8dwh36LMaYF6XyJ6JMWlVsc+t42tm1HSEDmOs3A8fC9yyeisgLhsTVQokOZ0zw==",
      "dev": true,
      "license": "BSD-3-Clause",
      "dependencies": {
        "@protobufjs/aspromise": "^1.1.1"
      }
    },
    "node_modules/@protobufjs/float": {
      "version": "1.0.2",
      "resolved": "https://registry.npmjs.org/@protobufjs/float/-/float-1.0.2.tgz",
      "integrity": "sha512-Ddb+kVXlXst9d+R9PfTIxh1EdNkgoRe5tOX6t01f1lYWOvJnSPDBlG241QLzcyPdoNTsblLUdujGSE4RzrTZGQ==",
      "dev": true,
      "license": "BSD-3-Clause"
    },
    "node_modules/@protobufjs/path": {
      "version": "1.1.2",
      "resolved": "https://registry.npmjs.org/@protobufjs/path/-/path-1.1.2.tgz",
      "integrity": "sha512-6JOcJ5Tm08dOHAbdR3GrvP+yUUfkjG5ePsHYczMFLq3ZmMkAD98cDgcT2iA1lJ9NVwFd4tH/iSSoe44YWkltEA==",
      "dev": true,
      "license": "BSD-3-Clause"
    },
    "node_modules/@protobufjs/pool": {
      "version": "1.1.0",
      "resolved": "https://registry.npmjs.org/@protobufjs/pool/-/pool-1.1.0.tgz",
      "integrity": "sha512-0kELaGSIDBKvcgS4zkjz1PeddatrjYcmMWOlAuAPwAeccUrPHdUqo/J6LiymHHEiJT5NrF1UVwxY14f+fy4WQw==",
      "dev": true,
      "license": "BSD-3-Clause"
    },
    "node_modules/@protobufjs/utf8": {
      "version": "1.1.2",
      "resolved": "https://registry.npmjs.org/@protobufjs/utf8/-/utf8-1.1.2.tgz",
      "integrity": "sha512-b1UQwcEZ4yCnMCD8DAL1VlbvBJE9/IX4FTIp7BG1xYpf29SLazLSrqUkj4w7Y5y7cCVP6E5tcqqcI0xemPkHug==",
      "dev": true,
      "license": "BSD-3-Clause"
    },
    "node_modules/@types/node": {
      "version": "26.6.2",
      "resolved": "https://registry.npmjs.org/@types/node/-/node-26.6.2.tgz",
      "integrity": "sha512-X1P21scMv4zGKLYqjdGjaKa7COa0RKVYYZZN/NfvLQ1JegxFhdhpZG/Lyn8AXx6CDUavKAd11v6BvfpkDByK8g==",
      "dev": true,
      "license": "MIT",
      "dependencies": {
        "undici-types": "~8.9.0"
      }
    },
    "node_modules/@web3-storage/car-block-validator": {
      "version": "1.2.2",
      "resolved": "https://registry.npmjs.org/@web3-storage/car-block-validator/-/car-block-validator-1.2.2.tgz",
      "integrity": "sha512-lR9l+ZszhTid5HfZE8ohnGf2RJp2kaBOnoejmsACs3iTNiy+3K09dnPm8MhgBE9RCIgPBKM0CCWXO9l+I6jrKA==",
      "dev": true,
      "license": "Apache-2.0 OR MIT",
      "dependencies": {
        "@multiformats/blake2": "^2.0.2",
        "@multiformats/murmur3": "^2.1.8",
        "@multiformats/sha3": "^3.0.2",
        "multiformats": "^13.3.1",
        "uint8arrays": "^5.1.0"
      }
    },
    "node_modules/abort-error": {
      "version": "1.0.2",
      "resolved": "https://registry.npmjs.org/abort-error/-/abort-error-1.0.2.tgz",
      "integrity": "sha512-lVgvB2NyPLqbXXhVmXcYFTC1x5K7CiVdPgdY7LGgFQWC8506oN01sPN3i9cl9ynuwF4iJ0TS9exnR7cZ9FuX4w==",
      "dev": true,
      "license": "Apache-2.0 OR MIT"
    },
    "node_modules/actor": {
      "version": "2.3.1",
      "resolved": "https://registry.npmjs.org/actor/-/actor-2.3.1.tgz",
      "integrity": "sha512-ST/3wnvcP2tKDXnum7nLCLXm+/rsf8vPocXH2Fre6D8FQwNkGDd4JEitBlXj007VQJfiGYRQvXqwOBZVi+JtRg==",
      "dev": true,
      "license": "(Apache-2.0 AND MIT)"
    },
    "node_modules/blakejs": {
      "version": "1.2.1",
      "resolved": "https://registry.npmjs.org/blakejs/-/blakejs-1.2.1.tgz",
      "integrity": "sha512-QXUSXI3QVc/gJME0dBpXrag1kbzOqCjCX8/b54ntNyW6sjtoqxqRk3LTmXzaJoh71zMsDCjM+47jS7XiwN/+fQ==",
      "dev": true,
      "license": "MIT"
    },
    "node_modules/cborg": {
      "version": "6.1.2",
      "resolved": "https://registry.npmjs.org/cborg/-/cborg-6.1.2.tgz",
      "integrity": "sha512-hQfFh6FuuCDoycN68FtUpjtQx5kCtxOLA8msbpJZxjtxaMqxgHl+4GNwO+0YexH/lHmVzhhAKa0ua+vtmTRoVw==",
      "dev": true,
      "license": "Apache-2.0",
      "bin": {
        "cborg": "lib/bin.js"
      }
    },
    "node_modules/eventemitter3": {
      "version": "5.0.4",
      "resolved": "https://registry.npmjs.org/eventemitter3/-/eventemitter3-5.0.4.tgz",
      "integrity": "sha512-mlsTRyGaPBjPedk6Bvw+aqbsXDtoAyAzm5MO7JgU+yVRyMQ5O8bD4Kcci7BS85f93veegeCPkL8R4GLClnjLFw==",
      "dev": true,
      "license": "MIT"
    },
    "node_modules/files-from-path": {
      "version": "1.1.4",
      "resolved": "https://registry.npmjs.org/files-from-path/-/files-from-path-1.1.4.tgz",
      "integrity": "sha512-huzBO8vS15VrEC0ej62GtYCtPUNEsTdHIN3aFBjCUZyFQTr+bW4cpwvPMZssM/r+9/hOh4ikUiJ3L+9kZKBMag==",
      "dev": true,
      "license": "Apache-2.0 OR MIT",
      "dependencies": {
        "graceful-fs": "^4.2.10"
      },
      "engines": {
        "node": ">=18"
      }
    },
    "node_modules/graceful-fs": {
      "version": "4.2.11",
      "resolved": "https://registry.npmjs.org/graceful-fs/-/graceful-fs-4.2.11.tgz",
      "integrity": "sha512-RbJ5/jmFcNNCcDV5o9eTnBLJ/HszWV0P73bc+Ff4nS/rJj+YaS6IGyiOL0VoBYX+l1Wrl3k63h/KrH+nhJ0XvQ==",
      "dev": true,
      "license": "ISC"
    },
    "node_modules/hamt-sharding": {
      "version": "3.0.8",
      "resolved": "https://registry.npmjs.org/hamt-sharding/-/hamt-sharding-3.0.8.tgz",
      "integrity": "sha512-pEh4hYa4ZyDJ2jWBTz7MVqTTGC3va3iEIMDJfbCKskR9rzHRd8HVwUyH5nLiLxK6VCFWIJ4vnlAEn4Hwx49Rbg==",
      "dev": true,
      "license": "Apache-2.0 OR MIT",
      "dependencies": {
        "sparse-array": "^1.3.1",
        "uint8arrays": "^6.1.1"
      }
    },
    "node_modules/hamt-sharding/node_modules/multiformats": {
      "version": "14.0.5",
      "resolved": "https://registry.npmjs.org/multiformats/-/multiformats-14.0.5.tgz",
      "integrity": "sha512-vbIm83F2yZ1pWJGS0yl0ysracIvv56LtbrIyiIQHoLdYDJOMoLfVFsXhh9DUH4SFdkdkFhucyWniihsNzVEjkQ==",
      "dev": true,
      "license": "Apache-2.0 OR MIT"
    },
    "node_modules/hamt-sharding/node_modules/uint8arrays": {
      "version": "6.1.1",
      "resolved": "https://registry.npmjs.org/uint8arrays/-/uint8arrays-6.1.1.tgz",
      "integrity": "sha512-iz7JN0XCSZYA111lhFG2Ui9EhFvTNekqSRHw3lvMHq+dzwWy1OQftxFQREEh4rffU0oSoXdQHsk2TiHKVm4fsA==",
      "dev": true,
      "license": "Apache-2.0 OR MIT",
      "dependencies": {
        "multiformats": "^14.0.0"
      }
    },
    "node_modules/interface-blockstore": {
      "version": "5.3.2",
      "resolved": "https://registry.npmjs.org/interface-blockstore/-/interface-blockstore-5.3.2.tgz",
      "integrity": "sha512-oA9Pjkxun/JHAsZrYEyKX+EoPjLciTzidE7wipLc/3YoHDjzsnXRJzAzFJXNUvogtY4g7hIwxArx8+WKJs2RIg==",
      "dev": true,
      "license": "Apache-2.0 OR MIT",
      "dependencies": {
        "interface-store": "^6.0.0",
        "multiformats": "^13.3.6"
      }
    },
    "node_modules/interface-store": {
      "version": "6.0.3",
      "resolved": "https://registry.npmjs.org/interface-store/-/interface-store-6.0.3.tgz",
      "integrity": "sha512-+WvfEZnFUhRwFxgz+QCQi7UC6o9AM0EHM9bpIe2Nhqb100NHCsTvNAn4eJgvgV2/tmLo1MP9nGxQKEcZTAueLA==",
      "dev": true,
      "license": "Apache-2.0 OR MIT"
    },
    "node_modules/ipfs-car": {
      "version": "3.1.0",
      "resolved": "https://registry.npmjs.org/ipfs-car/-/ipfs-car-3.1.0.tgz",
      "integrity": "sha512-0131+UNxk3+2baxK7qmlwJcl/SEI51v/Avx91LdP9WfSfh9s+/qkGS3ukwtmeG7YIyMLvTruRXPvHiYkz/ejVQ==",
      "dev": true,
      "license": "Apache-2.0 OR MIT",
      "dependencies": {
        "@ipld/car": "^5.1.0",
        "@ipld/dag-cbor": "^9.0.0",
        "@ipld/dag-json": "^10.0.1",
        "@ipld/dag-pb": "^4.0.2",
        "@ipld/unixfs": "^3.0.0",
        "@web3-storage/car-block-validator": "^1.0.1",
        "files-from-path": "^1.0.0",
        "ipfs-unixfs-exporter": "^13.0.1",
        "multiformats": "^13.0.1",
        "sade": "^1.8.1",
        "varint": "^6.0.0"
      },
      "bin": {
        "🚘": "bin.js",
        "ipfs-car": "bin.js"
      },
      "engines": {
        "node": ">=18"
      }
    },
    "node_modules/ipfs-unixfs": {
      "version": "11.2.5",
      "resolved": "https://registry.npmjs.org/ipfs-unixfs/-/ipfs-unixfs-11.2.5.tgz",
      "integrity": "sha512-uasYJ0GLPbViaTFsOLnL9YPjX5VmhnqtWRriogAHOe4ApmIi9VAOFBzgDHsUW2ub4pEa/EysbtWk126g2vkU/g==",
      "dev": true,
      "license": "Apache-2.0 OR MIT",
      "dependencies": {
        "protons-runtime": "^5.5.0",
        "uint8arraylist": "^2.4.8"
      }
    },
    "node_modules/ipfs-unixfs-exporter": {
      "version": "13.7.3",
      "resolved": "https://registry.npmjs.org/ipfs-unixfs-exporter/-/ipfs-unixfs-exporter-13.7.3.tgz",
      "integrity": "sha512-sTFjAEnsPu5irh9rvT1j5mNf7nXnW78x5SJrCIrNZb1UqkXQtNX81RjAnTBShUtZ5ujSOc/yrC9Az8il8NVkKQ==",
      "dev": true,
      "license": "Apache-2.0 OR MIT",
      "dependencies": {
        "@ipld/dag-cbor": "^9.2.4",
        "@ipld/dag-json": "^10.2.5",
        "@ipld/dag-pb": "^4.1.5",
        "@multiformats/murmur3": "^2.1.8",
        "hamt-sharding": "^3.0.6",
        "interface-blockstore": "^5.3.2",
        "ipfs-unixfs": "^11.0.0",
        "it-filter": "^3.1.4",
        "it-last": "^3.0.9",
        "it-map": "^3.1.4",
        "it-parallel": "^3.0.13",
        "it-pipe": "^3.0.1",
        "it-pushable": "^3.2.3",
        "multiformats": "^13.3.7",
        "p-queue": "^8.1.0",
        "progress-events": "^1.0.1"
      }
    },
    "node_modules/it-filter": {
      "version": "3.1.6",
      "resolved": "https://registry.npmjs.org/it-filter/-/it-filter-3.1.6.tgz",
      "integrity": "sha512-yXiGPAvJn/exXjVFSCMQc3+J/7RLpOMwKoY2DH1yMhF4lYkdRoAdOwU0vnDACAlRAexf7AZvESZIc9mzhEoi/A==",
      "dev": true,
      "license": "Apache-2.0 OR MIT",
      "dependencies": {
        "it-peekable": "^3.0.0"
      }
    },
    "node_modules/it-last": {
      "version": "3.0.11",
      "resolved": "https://registry.npmjs.org/it-last/-/it-last-3.0.11.tgz",
      "integrity": "sha512-Fg571l81nPzhZsiYjkw4dkhRqAK4oqIamTPEfAOnXI/5pYXz+dIfMVYmh9ncZs58oFNMkdF3bYFuCBTw/xJK0w==",
      "dev": true,
      "license": "Apache-2.0 OR MIT"
    },
    "node_modules/it-map": {
      "version": "3.1.6",
      "resolved": "https://registry.npmjs.org/it-map/-/it-map-3.1.6.tgz",
      "integrity": "sha512-wCix0FXImtIPIxhCnbz35RqWs00e/CReSZX9nZq1j46JcAzBBp57ob9/2l1WnDYEaUURIR8xCyg2NsWbOwBJFQ==",
      "dev": true,
      "license": "Apache-2.0 OR MIT",
      "dependencies": {
        "it-peekable": "^3.0.0"
      }
    },
    "node_modules/it-merge": {
      "version": "3.0.15",
      "resolved": "https://registry.npmjs.org/it-merge/-/it-merge-3.0.15.tgz",
      "integrity": "sha512-rUskoyECUdJsUwpfBtiLXddm56J+vukMztq+PpfTss1mRl/aHv1YJs+6Q2XnpvDThFC2y4Xm636X0xh6IecPGg==",
      "dev": true,
      "license": "Apache-2.0 OR MIT",
      "dependencies": {
        "it-queueless-pushable": "^2.0.0"
      }
    },
    "node_modules/it-parallel": {
      "version": "3.0.16",
      "resolved": "https://registry.npmjs.org/it-parallel/-/it-parallel-3.0.16.tgz",
      "integrity": "sha512-qr3nTgj4fraSfr6Ix9JkHsy/Yb/4vmS3QIAu3fsX52r2SOTLbohXoixKp6AIhTJcorpKwjP0VFcpHr5V54jivA==",
      "dev": true,
      "license": "Apache-2.0 OR MIT",
      "dependencies": {
        "p-defer": "^4.0.1"
      }
    },
    "node_modules/it-peekable": {
      "version": "3.0.10",
      "resolved": "https://registry.npmjs.org/it-peekable/-/it-peekable-3.0.10.tgz",
      "integrity": "sha512-2E6+p1pelZOhzp69aaiiBuEybWzAl10uYbIdCR3Pxy8bFNnS/kgpbLtGbNbIZ6RVdU7yHHkmATYwjy52GfFEKA==",
      "dev": true,
      "license": "Apache-2.0 OR MIT"
    },
    "node_modules/it-pipe": {
      "version": "3.0.1",
      "resolved": "https://registry.npmjs.org/it-pipe/-/it-pipe-3.0.1.tgz",
      "integrity": "sha512-sIoNrQl1qSRg2seYSBH/3QxWhJFn9PKYvOf/bHdtCBF0bnghey44VyASsWzn5dAx0DCDDABq1hZIuzKmtBZmKA==",
      "dev": true,
      "license": "Apache-2.0 OR MIT",
      "dependencies": {
        "it-merge": "^3.0.0",
        "it-pushable": "^3.1.2",
        "it-stream-types": "^2.0.1"
      },
      "engines": {
        "node": ">=16.0.0",
        "npm": ">=7.0.0"
      }
    },
    "node_modules/it-pushable": {
      "version": "3.2.4",
      "resolved": "https://registry.npmjs.org/it-pushable/-/it-pushable-3.2.4.tgz",
      "integrity": "sha512-WSD7Ss4oCRfDZJT4ldLWr0Bom/muY90xxoJ5PQnU3uSKf0kxCOeehqZtiJX1ARqn+ymXGh1bxpDW9bDNHp2ivQ==",
      "dev": true,
      "license": "Apache-2.0 OR MIT",
      "dependencies": {
        "p-defer": "^4.0.0"
      }
    },
    "node_modules/it-queueless-pushable": {
      "version": "2.0.5",
      "resolved": "https://registry.npmjs.org/it-queueless-pushable/-/it-queueless-pushable-2.0.5.tgz",
      "integrity": "sha512-BaKqGLL1AQMR1AEaxiM09vzJQVXHHhfhh9UV0qPqORw/8Rm8igDQqT1qHregfHIb1NIW9jxQ/aXBibHJyuivuQ==",
      "dev": true,
      "license": "Apache-2.0 OR MIT",
      "dependencies": {
        "abort-error": "^1.0.2",
        "p-defer": "^4.0.1",
        "race-signal": "^2.0.0"
      }
    },
    "node_modules/it-stream-types": {
      "version": "2.0.4",
      "resolved": "https://registry.npmjs.org/it-stream-types/-/it-stream-types-2.0.4.tgz",
      "integrity": "sha512-tsX+klvMQ53J4Jm2B52vCIs7WD609ck+VS9X2TKMEv7VPY9VwaYKmSWyHek5QS0wHBtP0bWj9KMqCtAHgVKiXw==",
      "dev": true,
      "license": "Apache-2.0 OR MIT"
    },
    "node_modules/js-sha3": {
      "version": "0.9.3",
      "resolved": "https://registry.npmjs.org/js-sha3/-/js-sha3-0.9.3.tgz",
      "integrity": "sha512-BcJPCQeLg6WjEx3FE591wVAevlli8lxsxm9/FzV4HXkV49TmBH38Yvrpce6fjbADGMKFrBMGTqrVz3qPIZ88Gg==",
      "dev": true,
      "license": "MIT"
    },
    "node_modules/long": {
      "version": "5.3.2",
      "resolved": "https://registry.npmjs.org/long/-/long-5.3.2.tgz",
      "integrity": "sha512-mNAgZ1GmyNhD7AuqnTG3/VQ26o760+ZYBPKjPvugO8+nLbYfX6TVpJPseBvopbdY+qpZ/lKUnmEc1LeZYS3QAA==",
      "dev": true,
      "license": "Apache-2.0"
    },
    "node_modules/mri": {
      "version": "1.2.0",
      "resolved": "https://registry.npmjs.org/mri/-/mri-1.2.0.tgz",
      "integrity": "sha512-tzzskb3bG8LvYGFF/mDTpq3jpI6Q9wc3LEmBaghu+DdCssd1FakN7Bc0hVNmEyGq1bq3RgfkCb3cmQLpNPOroA==",
      "dev": true,
      "license": "MIT",
      "engines": {
        "node": ">=4"
      }
    },
    "node_modules/multiformats": {
      "version": "13.4.2",
      "resolved": "https://registry.npmjs.org/multiformats/-/multiformats-13.4.2.tgz",
      "integrity": "sha512-eh6eHCrRi1+POZ3dA+Dq1C6jhP1GNtr9CRINMb67OKzqW9I5DUuZM/3jLPlzhgpGeiNUlEGEbkCYChXMCc/8DQ==",
      "dev": true,
      "license": "Apache-2.0 OR MIT"
    },
    "node_modules/murmurhash3js-revisited": {
      "version": "3.0.0",
      "resolved": "https://registry.npmjs.org/murmurhash3js-revisited/-/murmurhash3js-revisited-3.0.0.tgz",
      "integrity": "sha512-/sF3ee6zvScXMb1XFJ8gDsSnY+X8PbOyjIuBhtgis10W2Jx4ZjIhikUCIF9c4gpJxVnQIsPAFrSwTCuAjicP6g==",
      "dev": true,
      "license": "MIT",
      "engines": {
        "node": ">=8.0.0"
      }
    },
    "node_modules/p-defer": {
      "version": "4.0.1",
      "resolved": "https://registry.npmjs.org/p-defer/-/p-defer-4.0.1.tgz",
      "integrity": "sha512-Mr5KC5efvAK5VUptYEIopP1bakB85k2IWXaRC0rsh1uwn1L6M0LVml8OIQ4Gudg4oyZakf7FmeRLkMMtZW1i5A==",
      "dev": true,
      "license": "MIT",
      "engines": {
        "node": ">=12"
      },
      "funding": {
        "url": "https://github.com/sponsors/sindresorhus"
      }
    },
    "node_modules/p-queue": {
      "version": "8.1.1",
      "resolved": "https://registry.npmjs.org/p-queue/-/p-queue-8.1.1.tgz",
      "integrity": "sha512-aNZ+VfjobsWryoiPnEApGGmf5WmNsCo9xu8dfaYamG5qaLP7ClhLN6NgsFe6SwJ2UbLEBK5dv9x8Mn5+RVhMWQ==",
      "dev": true,
      "license": "MIT",
      "dependencies": {
        "eventemitter3": "^5.0.1",
        "p-timeout": "^6.1.2"
      },
      "engines": {
        "node": ">=18"
      },
      "funding": {
        "url": "https://github.com/sponsors/sindresorhus"
      }
    },
    "node_modules/p-timeout": {
      "version": "6.1.4",
      "resolved": "https://registry.npmjs.org/p-timeout/-/p-timeout-6.1.4.tgz",
      "integrity": "sha512-MyIV3ZA/PmyBN/ud8vV9XzwTrNtR4jFrObymZYnZqMmW0zA8Z17vnT0rBgFE/TlohB+YCHqXMgZzb3Csp49vqg==",
      "dev": true,
      "license": "MIT",
      "engines": {
        "node": ">=14.16"
      },
      "funding": {
        "url": "https://github.com/sponsors/sindresorhus"
      }
    },
    "node_modules/progress-events": {
      "version": "1.1.0",
      "resolved": "https://registry.npmjs.org/progress-events/-/progress-events-1.1.0.tgz",
      "integrity": "sha512-82DVc5tI36neVB3IjdXR11ztwGuoBc98em9ijzubeZKxI47OlV2Znq6mlPqE5xPDzO2Uw98GHiQSjj2favBCRQ==",
      "dev": true,
      "license": "Apache-2.0 OR MIT"
    },
    "node_modules/protobufjs": {
      "version": "7.6.6",
      "resolved": "https://registry.npmjs.org/protobufjs/-/protobufjs-7.6.6.tgz",
      "integrity": "sha512-dYDWdjSl5RNb7SgPxGQcRU+GtvP7s2fpkrY0r432PcOIaZ0/rBcxEZnQN67iJhFuQiVw754JDoPruPCNdGsbjg==",
      "dev": true,
      "hasInstallScript": true,
      "license": "BSD-3-Clause",
      "dependencies": {
        "@protobufjs/aspromise": "^1.1.2",
        "@protobufjs/base64": "^1.1.2",
        "@protobufjs/codegen": "^2.0.5",
        "@protobufjs/eventemitter": "^1.1.1",
        "@protobufjs/fetch": "^1.1.1",
        "@protobufjs/float": "^1.0.2",
        "@protobufjs/path": "^1.1.2",
        "@protobufjs/pool": "^1.1.0",
        "@protobufjs/utf8": "^1.1.1",
        "@types/node": ">=13.7.0",
        "long": "^5.3.2"
      },
      "engines": {
        "node": ">=12.0.0"
      }
    },
    "node_modules/protons-runtime": {
      "version": "5.6.0",
      "resolved": "https://registry.npmjs.org/protons-runtime/-/protons-runtime-5.6.0.tgz",
      "integrity": "sha512-/Kde+sB9DsMFrddJT/UZWe6XqvL7SL5dbag/DBCElFKhkwDj7XKt53S+mzLyaDP5OqS0wXjV5SA572uWDaT0Hg==",
      "dev": true,
      "license": "Apache-2.0 OR MIT",
      "dependencies": {
        "uint8-varint": "^2.0.2",
        "uint8arraylist": "^2.4.3",
        "uint8arrays": "^5.0.1"
      }
    },
    "node_modules/rabin-rs": {
      "version": "2.1.0",
      "resolved": "https://registry.npmjs.org/rabin-rs/-/rabin-rs-2.1.0.tgz",
      "integrity": "sha512-5y72gAXPzIBsAMHcpxZP8eMDuDT98qMP1BqSDHRbHkJJXEgWIN1lA47LxUqzsK6jknOJtgfkQr9v+7qMlFDm6g==",
      "dev": true,
      "license": "(Apache-2.0 AND MIT)"
    },
    "node_modules/race-signal": {
      "version": "2.0.2",
      "resolved": "https://registry.npmjs.org/race-signal/-/race-signal-2.0.2.tgz",
      "integrity": "sha512-IuNNNY5NLriMFEGl3BVei2xq9NIcpkuAklhPWamhu5tRJrJz0w9sloUMz73YXpmUluE2EZocmJm9rpQqXmCPiA==",
      "dev": true,
      "license": "Apache-2.0 OR MIT"
    },
    "node_modules/sade": {
      "version": "1.8.1",
      "resolved": "https://registry.npmjs.org/sade/-/sade-1.8.1.tgz",
      "integrity": "sha512-xal3CZX1Xlo/k4ApwCFrHVACi9fBqJ7V+mwhBsuf/1IOKbBy098Fex+Wa/5QMubw09pSZ/u8EY8PWgevJsXp1A==",
      "dev": true,
      "license": "MIT",
      "dependencies": {
        "mri": "^1.1.0"
      },
      "engines": {
        "node": ">=6"
      }
    },
    "node_modules/sparse-array": {
      "version": "1.3.2",
      "resolved": "https://registry.npmjs.org/sparse-array/-/sparse-array-1.3.2.tgz",
      "integrity": "sha512-ZT711fePGn3+kQyLuv1fpd3rNSkNF8vd5Kv2D+qnOANeyKs3fx6bUMGWRPvgTTcYV64QMqZKZwcuaQSP3AZ0tg==",
      "dev": true,
      "license": "ISC"
    },
    "node_modules/uint8-varint": {
      "version": "2.0.5",
      "resolved": "https://registry.npmjs.org/uint8-varint/-/uint8-varint-2.0.5.tgz",
      "integrity": "sha512-jeFLbL/x30wBRnWjKE1qVBXeumG46r7XmYkpis955lTQ+blccGKFrOsSMHlxePwYB1pI7L8YPHz1t4jLxEs3nA==",
      "dev": true,
      "license": "Apache-2.0 OR MIT",
      "dependencies": {
        "uint8arraylist": "^2.0.0",
        "uint8arrays": "^5.0.0"
      }
    },
    "node_modules/uint8arraylist": {
      "version": "2.4.9",
      "resolved": "https://registry.npmjs.org/uint8arraylist/-/uint8arraylist-2.4.9.tgz",
      "integrity": "sha512-KxWjyEFzchzik3aoQlK66oaoxIReoMo5bQRm1fcjBUZvE8xv/tyR3CTKhjh6K/faV8VaF6hd5pjr45CzbwuwkA==",
      "dev": true,
      "license": "Apache-2.0 OR MIT",
      "dependencies": {
        "uint8arrays": "^5.0.1"
      }
    },
    "node_modules/uint8arrays": {
      "version": "5.1.1",
      "resolved": "https://registry.npmjs.org/uint8arrays/-/uint8arrays-5.1.1.tgz",
      "integrity": "sha512-9muQwa4wZG4dKi9gMAIBtnk2Pw87SRpvWTH6lOGm19V2Uqxr4uomUf2PGqPnWc+qs06sN8owUU4jfcoWOcfwVQ==",
      "dev": true,
      "license": "Apache-2.0 OR MIT",
      "dependencies": {
        "multiformats": "^13.0.0"
      }
    },
    "node_modules/undici-types": {
      "version": "8.9.0",
      "resolved": "https://registry.npmjs.org/undici-types/-/undici-types-8.9.0.tgz",
      "integrity": "sha512-KTDyRTYX8sWmKXAikPHHSyc63CRPETMctyjKFupcC6OBLXT3xsN0e9aF7m+mIXutFWpUXuedtowG7iLOzp0kQg==",
      "dev": true,
      "license": "MIT"
    },
    "node_modules/varint": {
      "version": "6.0.0",
      "resolved": "https://registry.npmjs.org/varint/-/varint-6.0.0.tgz",
      "integrity": "sha512-cXEIW6cfr15lFv563k4GuVuW/fiwjknytD37jIOLSdSWuOI6WnO/oKwmP2FQTU2l01LP8/M5TSAJpzUaGe3uWg==",
      "dev": true,
      "license": "MIT"
    }
  }
}
