github.com/creack/pty v1.1.24 h1:bJrF4RRfyJnbTJqzRLHzcGaZK1NeM5kTC9jGgovnR1s=
github.com/creack/pty v1.1.24/go.mod h1:08sCNb52WyoAwi2QDyzUCTgcvVFhUzewun7wtTfvcwE=
github.com/hugelgupf/socketpair v0.0.0-20230822150718-707395b1939a h1:Nq7wDsqsVBUBfGn8yB1M028ShWTKTtZBcafaTJ35N0s=
github.com/hugelgupf/socketpair v0.0.0-20230822150718-707395b1939a/go.mod h1:71Bqb5Fh9zPHF8jwdmMEmJObzr25Mx5pWLbDBMMEn6E=
github.com/hyprstream/p9 v0.0.0-20260714231754-60421d6579fe h1:RU84TP/tJpG3M+kbBo+UxHMGhyVfxAJ4iIoSkPUGMlo=
github.com/hyprstream/p9 v0.0.0-20260714231754-60421d6579fe/go.mod h1:LoNwfBWP+QlCkjS1GFNylCthRIk/TkMZd6ICTbC+hrI=
github.com/u-root/uio v0.0.0-20240224005618-d2acac8f3701 h1:pyC9PaHYZFgEKFdlp3G8RaCKgVpHZnecvArXvPXcFkM=
github.com/u-root/uio v0.0.0-20240224005618-d2acac8f3701/go.mod h1:P3a5rG4X7tI17Nn3aOIAYr5HbIMukwXG0urG0WuL8OA=
golang.org/x/sys v0.43.0 h1:Rlag2XtaFTxp19wS8MXlJwTvoh8ArU6ezoyFsMyCTNI=
golang.org/x/sys v0.43.0/go.mod h1:4GL1E5IUh+htKOUEOaiffhrAeqysfVGipDYzABqnCmw=
tractor.dev/toolkit-go v0.0.0-20250103001615-9a6753936c19 h1:ODcU8zhYvUtfGJ3KeMhtlA942ScAQMT3KU0O1oBg8Sw=
tractor.dev/toolkit-go v0.0.0-20250103001615-9a6753936c19/go.mod h1:vI9Jf9tepHLrUqGQf7XZuRcQySNajWRKBjPD4+Ay72I=
tractor.dev/wanix v0.0.0-20260703022758-381150790444 h1:O1TIufQqOeKyJ+zsJB1bPc8ZviKvpeuMc7yXCr/lvso=
tractor.dev/wanix v0.0.0-20260703022758-381150790444/go.mod h1:JVBHRRMHsTleaX+UWr8+xRHmEa5CAe9EQs1PvIqUCSk=
